averaged_distributions/105_charges_distributions_errors.json
averaged_distributions/210_charges_distributions_errors.json
averaged_distributions/421_charges_distributions_errors.json
averaged_distributions/2109_charges_distributions_errors.json
charges_105/permittivity_1/inputs.json
charges_105/permittivity_4/inputs.json
charges_105/permittivity_7/inputs.json
charges_105/permittivity_10/inputs.json
charges_105/permittivity_13/inputs.json
charges_105/permittivity_16/inputs.json
charges_105/permittivity_19/inputs.json
charges_105/permittivity_22/inputs.json
charges_105/permittivity_25/inputs.json
charges_105/permittivity_28/inputs.json
charges_105/permittivity_50/inputs.json
charges_105/permittivity_75/inputs.json
charges_105/permittivity_100/inputs.json
charges_105/permittivity_2/inputs.json
charges_105/permittivity_65/inputs.json
charges_105/permittivity_85/inputs.json
charges_210/permittivity_1/inputs.json
charges_210/permittivity_4/inputs.json
charges_210/permittivity_7/inputs.json
charges_210/permittivity_10/inputs.json
charges_210/permittivity_13/inputs.json
charges_210/permittivity_16/inputs.json
charges_210/permittivity_19/inputs.json
charges_210/permittivity_22/inputs.json
charges_210/permittivity_25/inputs.json
charges_210/permittivity_28/inputs.json
charges_210/permittivity_50/inputs.json
charges_210/permittivity_75/inputs.json
charges_210/permittivity_100/inputs.json
charges_210/permittivity_2/inputs.json
charges_105/permittivity_1/outputs.json
charges_105/permittivity_4/outputs.json
charges_105/permittivity_7/outputs.json
charges_105/permittivity_10/outputs.json
charges_105/permittivity_13/outputs.json
charges_105/permittivity_16/outputs.json
charges_105/permittivity_19/outputs.json
charges_105/permittivity_22/outputs.json
charges_105/permittivity_25/outputs.json
charges_105/permittivity_28/outputs.json
charges_105/permittivity_50/outputs.json
charges_105/permittivity_75/outputs.json
charges_105/permittivity_100/outputs.json
charges_105/permittivity_2/outputs.json
charges_105/permittivity_65/outputs.json
charges_105/permittivity_85/outputs.json
charges_210/permittivity_1/outputs.json
charges_421/permittivity_1/outputs.json
charges_2109/permittivity_1/outputs.json
charges_210/permittivity_4/outputs.json
charges_421/permittivity_4/outputs.json
charges_2109/permittivity_4/outputs.json
charges_210/permittivity_7/outputs.json
charges_421/permittivity_7/outputs.json
charges_2109/permittivity_7/outputs.json
charges_210/permittivity_10/outputs.json
charges_421/permittivity_10/outputs.json
charges_2109/permittivity_10/outputs.json
charges_210/permittivity_13/outputs.json
charges_421/permittivity_13/outputs.json
charges_2109/permittivity_13/outputs.json
charges_210/permittivity_16/outputs.json
charges_421/permittivity_16/outputs.json
charges_2109/permittivity_16/outputs.json
charges_210/permittivity_19/outputs.json
charges_421/permittivity_19/outputs.json
charges_2109/permittivity_19/outputs.json
charges_210/permittivity_22/outputs.json
charges_421/permittivity_22/outputs.json
charges_2109/permittivity_22/outputs.json
charges_210/permittivity_25/outputs.json
charges_421/permittivity_25/outputs.json
charges_2109/permittivity_25/outputs.json
charges_210/permittivity_28/outputs.json
charges_421/permittivity_28/outputs.json
charges_2109/permittivity_28/outputs.json
charges_210/permittivity_50/outputs.json
charges_421/permittivity_50/outputs.json
charges_2109/permittivity_50/outputs.json
charges_210/permittivity_75/outputs.json
charges_421/permittivity_75/outputs.json
charges_2109/permittivity_75/outputs.json
charges_210/permittivity_100/outputs.json
charges_421/permittivity_100/outputs.json
charges_2109/permittivity_100/outputs.json
charges_210/permittivity_2/outputs.json
charges_421/permittivity_2/outputs.json
charges_2109/permittivity_2/outputs.json
extract_average_distributions.py
averaged_distributions/105_charges_distributions_errors.json
averaged_distributions/210_charges_distributions_errors.json
charges_105/permittivity_1/inputs.json
charges_105/permittivity_4/inputs.json
charges_105/permittivity_7/inputs.json
charges_105/permittivity_10/inputs.json
charges_105/permittivity_13/inputs.json
charges_105/permittivity_16/inputs.json
charges_105/permittivity_19/inputs.json
charges_105/permittivity_22/inputs.json
charges_105/permittivity_25/inputs.json
charges_105/permittivity_28/inputs.json
charges_105/permittivity_50/inputs.json
charges_105/permittivity_75/inputs.json
charges_105/permittivity_100/inputs.json
charges_105/permittivity_2/inputs.json
charges_105/permittivity_1/inputs.json
charges_105/permittivity_4/inputs.json
charges_105/permittivity_7/inputs.json
charges_105/permittivity_10/inputs.json
charges_105/permittivity_13/inputs.json
charges_105/permittivity_16/inputs.json
charges_105/permittivity_19/inputs.json
charges_105/permittivity_22/inputs.json
charges_105/permittivity_25/inputs.json
charges_105/permittivity_28/inputs.json
charges_105/permittivity_50/inputs.json
charges_105/permittivity_75/inputs.json
charges_105/permittivity_100/inputs.json
charges_105/permittivity_2/inputs.json
charges_105/permittivity_1/inputs.json
charges_105/permittivity_4/inputs.json
charges_105/permittivity_7/inputs.json
charges_105/permittivity_10/inputs.json
charges_105/permittivity_13/inputs.json
charges_105/permittivity_16/inputs.json
charges_105/permittivity_19/inputs.json
charges_105/permittivity_22/inputs.json
charges_105/permittivity_25/inputs.json
charges_105/permittivity_28/inputs.json
charges_105/permittivity_50/inputs.json
charges_105/permittivity_75/inputs.json
charges_105/permittivity_100/inputs.json
charges_105/permittivity_2/inputs.json
charges_105/permittivity_1/inputs.json
charges_105/permittivity_4/inputs.json
charges_105/permittivity_7/inputs.json
charges_105/permittivity_10/inputs.json
charges_105/permittivity_13/inputs.json
charges_105/permittivity_16/inputs.json
charges_105/permittivity_19/inputs.json
charges_105/permittivity_22/inputs.json
charges_105/permittivity_25/inputs.json
charges_105/permittivity_28/inputs.json
charges_105/permittivity_50/inputs.json
charges_105/permittivity_75/inputs.json
charges_105/permittivity_100/inputs.json
charges_105/permittivity_2/inputs.json
charges_105/permittivity_1/inputs.json
charges_105/permittivity_4/inputs.json
charges_105/permittivity_7/inputs.json
charges_105/permittivity_10/inputs.json
charges_105/permittivity_13/inputs.json
charges_105/permittivity_16/inputs.json
charges_105/permittivity_19/inputs.json
charges_105/permittivity_22/inputs.json
charges_105/permittivity_25/inputs.json
charges_105/permittivity_28/inputs.json
charges_105/permittivity_50/inputs.json
charges_105/permittivity_75/inputs.json
charges_105/permittivity_100/inputs.json
charges_105/permittivity_2/inputs.json
charges_105/permittivity_1/inputs.json
charges_105/permittivity_4/inputs.json
charges_105/permittivity_7/inputs.json
charges_105/permittivity_10/inputs.json
charges_105/permittivity_13/inputs.json
charges_105/permittivity_16/inputs.json
charges_105/permittivity_19/inputs.json
charges_105/permittivity_22/inputs.json
charges_105/permittivity_25/inputs.json
charges_105/permittivity_28/inputs.json
charges_105/permittivity_50/inputs.json
charges_105/permittivity_75/inputs.json
charges_105/permittivity_100/inputs.json
charges_105/permittivity_2/inputs.json
charges_105/permittivity_1/inputs.json
charges_105/permittivity_4/inputs.json
charges_105/permittivity_7/inputs.json
charges_105/permittivity_10/inputs.json
charges_105/permittivity_13/inputs.json
charges_105/permittivity_16/inputs.json
charges_105/permittivity_19/inputs.json
charges_105/permittivity_22/inputs.json
charges_105/permittivity_25/inputs.json
charges_105/permittivity_28/inputs.json
charges_105/permittivity_50/inputs.json
charges_105/permittivity_75/inputs.json
charges_105/permittivity_100/inputs.json
charges_105/permittivity_2/inputs.json
charges_105/permittivity_1/inputs.json
charges_105/permittivity_4/inputs.json
charges_105/permittivity_7/inputs.json
charges_105/permittivity_10/inputs.json
charges_105/permittivity_13/inputs.json
charges_105/permittivity_16/inputs.json
charges_105/permittivity_19/inputs.json
charges_105/permittivity_22/inputs.json
charges_105/permittivity_25/inputs.json
charges_105/permittivity_28/inputs.json
charges_105/permittivity_50/inputs.json
charges_105/permittivity_75/inputs.json
charges_105/permittivity_100/inputs.json
charges_105/permittivity_2/inputs.json
charges_105/permittivity_1/inputs.json
charges_105/permittivity_4/inputs.json
charges_105/permittivity_7/inputs.json
charges_105/permittivity_10/inputs.json
charges_105/permittivity_13/inputs.json
charges_105/permittivity_16/inputs.json
charges_105/permittivity_19/inputs.json
charges_105/permittivity_22/inputs.json
charges_105/permittivity_25/inputs.json
charges_105/permittivity_28/inputs.json
charges_105/permittivity_50/inputs.json
charges_105/permittivity_75/inputs.json
charges_105/permittivity_100/inputs.json
charges_105/permittivity_2/inputs.json
charges_105/permittivity_1/inputs.json
charges_105/permittivity_4/inputs.json
charges_105/permittivity_7/inputs.json
charges_105/permittivity_10/inputs.json
charges_105/permittivity_13/inputs.json
charges_105/permittivity_16/inputs.json
charges_105/permittivity_19/inputs.json
charges_105/permittivity_22/inputs.json
charges_105/permittivity_25/inputs.json
charges_105/permittivity_28/inputs.json
charges_105/permittivity_50/inputs.json
charges_105/permittivity_75/inputs.json
charges_105/permittivity_100/inputs.json
charges_105/permittivity_2/inputs.json
charges_105/permittivity_1/inputs.json
charges_105/permittivity_4/inputs.json
charges_105/permittivity_7/inputs.json
charges_105/permittivity_10/inputs.json
charges_105/permittivity_13/inputs.json
charges_105/permittivity_16/inputs.json
charges_105/permittivity_19/inputs.json
charges_105/permittivity_22/inputs.json
charges_105/permittivity_25/inputs.json
charges_105/permittivity_28/inputs.json
charges_105/permittivity_50/inputs.json
charges_105/permittivity_75/inputs.json
charges_105/permittivity_100/inputs.json
charges_105/permittivity_2/inputs.json
charges_105/permittivity_1/inputs.json
charges_105/permittivity_4/inputs.json
charges_105/permittivity_7/inputs.json
charges_105/permittivity_10/inputs.json
charges_105/permittivity_13/inputs.json
charges_105/permittivity_16/inputs.json
charges_105/permittivity_19/inputs.json
charges_105/permittivity_22/inputs.json
charges_105/permittivity_25/inputs.json
charges_105/permittivity_28/inputs.json
charges_105/permittivity_50/inputs.json
charges_105/permittivity_75/inputs.json
charges_105/permittivity_100/inputs.json
charges_105/permittivity_2/inputs.json
charges_105/permittivity_1/inputs.json
charges_105/permittivity_4/inputs.json
charges_105/permittivity_7/inputs.json
charges_105/permittivity_10/inputs.json
charges_105/permittivity_13/inputs.json
charges_105/permittivity_16/inputs.json
charges_105/permittivity_19/inputs.json
charges_105/permittivity_22/inputs.json
charges_105/permittivity_25/inputs.json
charges_105/permittivity_28/inputs.json
charges_105/permittivity_50/inputs.json
charges_105/permittivity_75/inputs.json
charges_105/permittivity_100/inputs.json
charges_105/permittivity_2/inputs.json
charges_105/permittivity_1/inputs.json
charges_105/permittivity_4/inputs.json
charges_105/permittivity_7/inputs.json
charges_105/permittivity_10/inputs.json
charges_105/permittivity_13/inputs.json
charges_105/permittivity_16/inputs.json
charges_105/permittivity_19/inputs.json
charges_105/permittivity_22/inputs.json
charges_105/permittivity_25/inputs.json
charges_105/permittivity_28/inputs.json
charges_105/permittivity_50/inputs.json
charges_105/permittivity_75/inputs.json
charges_105/permittivity_100/inputs.json
charges_105/permittivity_2/inputs.json
charges_105/permittivity_1/inputs.json
charges_105/permittivity_4/inputs.json
charges_105/permittivity_7/inputs.json
charges_105/permittivity_10/inputs.json
charges_105/permittivity_13/inputs.json
charges_105/permittivity_16/inputs.json
charges_105/permittivity_19/inputs.json
charges_105/permittivity_22/inputs.json
charges_105/permittivity_25/inputs.json
charges_105/permittivity_28/inputs.json
charges_105/permittivity_50/inputs.json
charges_105/permittivity_75/inputs.json
charges_105/permittivity_100/inputs.json
charges_105/permittivity_2/inputs.json
charges_105/permittivity_1/inputs.json
charges_105/permittivity_4/inputs.json
charges_105/permittivity_7/inputs.json
charges_105/permittivity_10/inputs.json
charges_105/permittivity_13/inputs.json
charges_105/permittivity_16/inputs.json
charges_105/permittivity_19/inputs.json
charges_105/permittivity_22/inputs.json
charges_105/permittivity_25/inputs.json
charges_105/permittivity_28/inputs.json
charges_105/permittivity_50/inputs.json
charges_105/permittivity_75/inputs.json
charges_105/permittivity_100/inputs.json
charges_105/permittivity_2/inputs.json
charges_210/permittivity_1/inputs.json
charges_210/permittivity_4/inputs.json
charges_210/permittivity_7/inputs.json
charges_210/permittivity_10/inputs.json
charges_210/permittivity_13/inputs.json
charges_210/permittivity_16/inputs.json
charges_210/permittivity_19/inputs.json
charges_210/permittivity_22/inputs.json
charges_210/permittivity_25/inputs.json
charges_210/permittivity_28/inputs.json
charges_210/permittivity_50/inputs.json
charges_210/permittivity_75/inputs.json
charges_210/permittivity_100/inputs.json
charges_210/permittivity_2/inputs.json
charges_210/permittivity_1/inputs.json
charges_210/permittivity_4/inputs.json
charges_210/permittivity_7/inputs.json
charges_210/permittivity_10/inputs.json
charges_210/permittivity_13/inputs.json
charges_210/permittivity_16/inputs.json
charges_210/permittivity_19/inputs.json
charges_210/permittivity_22/inputs.json
charges_210/permittivity_25/inputs.json
charges_210/permittivity_28/inputs.json
charges_210/permittivity_50/inputs.json
charges_210/permittivity_75/inputs.json
charges_210/permittivity_100/inputs.json
charges_210/permittivity_2/inputs.json
charges_210/permittivity_1/inputs.json
charges_210/permittivity_4/inputs.json
charges_210/permittivity_7/inputs.json
charges_210/permittivity_10/inputs.json
charges_210/permittivity_13/inputs.json
charges_210/permittivity_16/inputs.json
charges_210/permittivity_19/inputs.json
charges_210/permittivity_22/inputs.json
charges_210/permittivity_25/inputs.json
charges_210/permittivity_28/inputs.json
charges_210/permittivity_50/inputs.json
charges_210/permittivity_75/inputs.json
charges_210/permittivity_100/inputs.json
charges_210/permittivity_2/inputs.json
charges_210/permittivity_1/inputs.json
charges_210/permittivity_4/inputs.json
charges_210/permittivity_7/inputs.json
charges_210/permittivity_10/inputs.json
charges_210/permittivity_13/inputs.json
charges_210/permittivity_16/inputs.json
charges_210/permittivity_19/inputs.json
charges_210/permittivity_22/inputs.json
charges_210/permittivity_25/inputs.json
charges_210/permittivity_28/inputs.json
charges_210/permittivity_50/inputs.json
charges_210/permittivity_75/inputs.json
charges_210/permittivity_100/inputs.json
charges_210/permittivity_2/inputs.json
charges_210/permittivity_1/inputs.json
charges_210/permittivity_4/inputs.json
charges_210/permittivity_7/inputs.json
charges_210/permittivity_10/inputs.json
charges_210/permittivity_13/inputs.json
charges_210/permittivity_16/inputs.json
charges_210/permittivity_19/inputs.json
charges_210/permittivity_22/inputs.json
charges_210/permittivity_25/inputs.json
charges_210/permittivity_28/inputs.json
charges_210/permittivity_50/inputs.json
charges_210/permittivity_75/inputs.json
charges_210/permittivity_100/inputs.json
charges_210/permittivity_2/inputs.json
charges_210/permittivity_1/inputs.json
charges_210/permittivity_4/inputs.json
charges_210/permittivity_7/inputs.json
charges_210/permittivity_10/inputs.json
charges_210/permittivity_13/inputs.json
charges_210/permittivity_16/inputs.json
charges_210/permittivity_19/inputs.json
charges_210/permittivity_22/inputs.json
charges_210/permittivity_25/inputs.json
charges_210/permittivity_28/inputs.json
charges_210/permittivity_50/inputs.json
charges_210/permittivity_75/inputs.json
charges_210/permittivity_100/inputs.json
charges_210/permittivity_2/inputs.json
charges_210/permittivity_1/inputs.json
charges_210/permittivity_4/inputs.json
charges_210/permittivity_7/inputs.json
charges_210/permittivity_10/inputs.json
charges_210/permittivity_13/inputs.json
charges_210/permittivity_16/inputs.json
charges_210/permittivity_19/inputs.json
charges_210/permittivity_22/inputs.json
charges_210/permittivity_25/inputs.json
charges_210/permittivity_28/inputs.json
charges_210/permittivity_50/inputs.json
charges_210/permittivity_75/inputs.json
charges_210/permittivity_100/inputs.json
charges_210/permittivity_2/inputs.json
charges_210/permittivity_1/inputs.json
charges_210/permittivity_4/inputs.json
charges_210/permittivity_7/inputs.json
charges_210/permittivity_10/inputs.json
charges_210/permittivity_13/inputs.json
charges_210/permittivity_16/inputs.json
charges_210/permittivity_19/inputs.json
charges_210/permittivity_22/inputs.json
charges_210/permittivity_25/inputs.json
charges_210/permittivity_28/inputs.json
charges_210/permittivity_50/inputs.json
charges_210/permittivity_75/inputs.json
charges_210/permittivity_100/inputs.json
charges_210/permittivity_2/inputs.json
charges_210/permittivity_1/inputs.json
charges_210/permittivity_4/inputs.json
charges_210/permittivity_7/inputs.json
charges_210/permittivity_10/inputs.json
charges_210/permittivity_13/inputs.json
charges_210/permittivity_16/inputs.json
charges_210/permittivity_19/inputs.json
charges_210/permittivity_22/inputs.json
charges_210/permittivity_25/inputs.json
charges_210/permittivity_28/inputs.json
charges_210/permittivity_50/inputs.json
charges_210/permittivity_75/inputs.json
charges_210/permittivity_100/inputs.json
charges_210/permittivity_2/inputs.json
charges_210/permittivity_1/inputs.json
charges_210/permittivity_4/inputs.json
charges_210/permittivity_7/inputs.json
charges_210/permittivity_10/inputs.json
charges_210/permittivity_13/inputs.json
charges_210/permittivity_16/inputs.json
charges_210/permittivity_19/inputs.json
charges_210/permittivity_22/inputs.json
charges_210/permittivity_25/inputs.json
charges_210/permittivity_28/inputs.json
charges_210/permittivity_50/inputs.json
charges_210/permittivity_75/inputs.json
charges_210/permittivity_100/inputs.json
charges_210/permittivity_2/inputs.json
charges_210/permittivity_1/inputs.json
charges_210/permittivity_4/inputs.json
charges_210/permittivity_7/inputs.json
charges_210/permittivity_10/inputs.json
charges_210/permittivity_13/inputs.json
charges_210/permittivity_16/inputs.json
charges_210/permittivity_19/inputs.json
charges_210/permittivity_22/inputs.json
charges_210/permittivity_25/inputs.json
charges_210/permittivity_28/inputs.json
charges_210/permittivity_50/inputs.json
charges_210/permittivity_75/inputs.json
charges_210/permittivity_100/inputs.json
charges_210/permittivity_2/inputs.json
charges_210/permittivity_1/inputs.json
charges_210/permittivity_4/inputs.json
charges_210/permittivity_7/inputs.json
charges_210/permittivity_10/inputs.json
charges_210/permittivity_13/inputs.json
charges_210/permittivity_16/inputs.json
charges_210/permittivity_19/inputs.json
charges_210/permittivity_22/inputs.json
charges_210/permittivity_25/inputs.json
charges_210/permittivity_28/inputs.json
charges_210/permittivity_50/inputs.json
charges_210/permittivity_75/inputs.json
charges_210/permittivity_100/inputs.json
charges_210/permittivity_2/inputs.json
charges_210/permittivity_1/inputs.json
charges_210/permittivity_4/inputs.json
charges_210/permittivity_7/inputs.json
charges_210/permittivity_10/inputs.json
charges_210/permittivity_13/inputs.json
charges_210/permittivity_16/inputs.json
charges_210/permittivity_19/inputs.json
charges_210/permittivity_22/inputs.json
charges_210/permittivity_25/inputs.json
charges_210/permittivity_28/inputs.json
charges_210/permittivity_50/inputs.json
charges_210/permittivity_75/inputs.json
charges_210/permittivity_100/inputs.json
charges_210/permittivity_2/inputs.json
charges_210/permittivity_1/inputs.json
charges_210/permittivity_4/inputs.json
charges_210/permittivity_7/inputs.json
charges_210/permittivity_10/inputs.json
charges_210/permittivity_13/inputs.json
charges_210/permittivity_16/inputs.json
charges_210/permittivity_19/inputs.json
charges_210/permittivity_22/inputs.json
charges_210/permittivity_25/inputs.json
charges_210/permittivity_28/inputs.json
charges_210/permittivity_50/inputs.json
charges_210/permittivity_75/inputs.json
charges_210/permittivity_100/inputs.json
charges_210/permittivity_2/inputs.json
